
Microsoft Visual Studio Solution File, Format Version 11.00
# Visual Studio 2010
Project("{FAE04EC0-301F-11D3-BF4B-00C04F79EFBC}") = "CordovaStarter2", "CordovaStarter2\CordovaStarter2.csproj", "{7F43590A-0ABA-4A92-9E9D-4DD809C3C640}"
EndProject
Global
	GlobalSection(SolutionConfigurationPlatforms) = preSolution
		Debug|Any CPU = Debug|Any CPU
		Release|Any CPU = Release|Any CPU
	EndGlobalSection
	GlobalSection(ProjectConfigurationPlatforms) = postSolution
		{7F43590A-0ABA-4A92-9E9D-4DD809C3C640}.Debug|Any CPU.ActiveCfg = Debug|Any CPU
		{7F43590A-0ABA-4A92-9E9D-4DD809C3C640}.Debug|Any CPU.Build.0 = Debug|Any CPU
		{7F43590A-0ABA-4A92-9E9D-4DD809C3C640}.Debug|Any CPU.Deploy.0 = Debug|Any CPU
		{7F43590A-0ABA-4A92-9E9D-4DD809C3C640}.Release|Any CPU.ActiveCfg = Release|Any CPU
		{7F43590A-0ABA-4A92-9E9D-4DD809C3C640}.Release|Any CPU.Build.0 = Release|Any CPU
		{7F43590A-0ABA-4A92-9E9D-4DD809C3C640}.Release|Any CPU.Deploy.0 = Release|Any CPU
	EndGlobalSection
	GlobalSection(SolutionProperties) = preSolution
		HideSolutionNode = FALSE
	EndGlobalSection
EndGlobal
